// !$*UTF8*$!
{
	archiveVersion = 1;
	classes = {
	};
	objectVersion = 46;
	objects = {

/* Begin PBXBuildFile section */
		AC1B9D551F07BA3A00D4A1C9 /* AppDelegate.swift in Sources */ = {isa = PBXBuildFile; fileRef = AC1B9D541F07BA3A00D4A1C9 /* AppDelegate.swift */; };
		AC1B9D571F07BA3A00D4A1C9 /* MainViewController.swift in Sources */ = {isa = PBXBuildFile; fileRef = AC1B9D561F07BA3A00D4A1C9 /* MainViewController.swift */; };
		AC1B9D591F07BA3A00D4A1C9 /* Assets.xcassets in Resources */ = {isa = PBXBuildFile; fileRef = AC1B9D581F07BA3A00D4A1C9 /* Assets.xcassets */; };
		AC1B9D5C1F07BA3A00D4A1C9 /* Main.storyboard in Resources */ = {isa = PBXBuildFile; fileRef = AC1B9D5A1F07BA3A00D4A1C9 /* Main.storyboard */; };
		AC847A101F14DEDB0091F2B1 /* AVPlayerViewExtensions.swift in Sources */ = {isa = PBXBuildFile; fileRef = AC847A0F1F14DEDB0091F2B1 /* AVPlayerViewExtensions.swift */; };
		ACCA81A21F0AD7F400C53288 /* intro.mp4 in Resources */ = {isa = PBXBuildFile; fileRef = ACCA81951F0AD7F400C53288 /* intro.mp4 */; };
		ACCA81A31F0AD7F400C53288 /* outro.mp4 in Resources */ = {isa = PBXBuildFile; fileRef = ACCA81961F0AD7F400C53288 /* outro.mp4 */; };
		ACCA81A41F0AD7F400C53288 /* speed-0.mp4 in Resources */ = {isa = PBXBuildFile; fileRef = ACCA81971F0AD7F400C53288 /* speed-0.mp4 */; };
		ACCA81A51F0AD7F400C53288 /* speed-1.mp4 in Resources */ = {isa = PBXBuildFile; fileRef = ACCA81981F0AD7F400C53288 /* speed-1.mp4 */; };
		ACCA81A61F0AD7F400C53288 /* speed-2.mp4 in Resources */ = {isa = PBXBuildFile; fileRef = ACCA81991F0AD7F400C53288 /* speed-2.mp4 */; };
		ACCA81A71F0AD7F400C53288 /* speed-3.mp4 in Resources */ = {isa = PBXBuildFile; fileRef = ACCA819A1F0AD7F400C53288 /* speed-3.mp4 */; };
		ACCA81A81F0AD7F400C53288 /* speed-4.mp4 in Resources */ = {isa = PBXBuildFile; fileRef = ACCA819B1F0AD7F400C53288 /* speed-4.mp4 */; };
		ACCA81A91F0AD7F400C53288 /* speed-5.mp4 in Resources */ = {isa = PBXBuildFile; fileRef = ACCA819C1F0AD7F400C53288 /* speed-5.mp4 */; };
		ACCA81AA1F0AD7F400C53288 /* speed-6.mp4 in Resources */ = {isa = PBXBuildFile; fileRef = ACCA819D1F0AD7F400C53288 /* speed-6.mp4 */; };
		ACCA81AB1F0AD7F400C53288 /* speed-7.mp4 in Resources */ = {isa = PBXBuildFile; fileRef = ACCA819E1F0AD7F400C53288 /* speed-7.mp4 */; };
		ACCA81AC1F0AD7F400C53288 /* speed-8.mp4 in Resources */ = {isa = PBXBuildFile; fileRef = ACCA819F1F0AD7F400C53288 /* speed-8.mp4 */; };
		ACCA81AD1F0AD7F400C53288 /* speed-9.mp4 in Resources */ = {isa = PBXBuildFile; fileRef = ACCA81A01F0AD7F400C53288 /* speed-9.mp4 */; };
		ACCA81AE1F0AD7F400C53288 /* speed-10.mp4 in Resources */ = {isa = PBXBuildFile; fileRef = ACCA81A11F0AD7F400C53288 /* speed-10.mp4 */; };
		ACCA81C61F0D105900C53288 /* blender-button-hover.aac in Resources */ = {isa = PBXBuildFile; fileRef = ACCA81BF1F0D105900C53288 /* blender-button-hover.aac */; };
		ACCA81C71F0D105900C53288 /* blender-button-pressed.aac in Resources */ = {isa = PBXBuildFile; fileRef = ACCA81C01F0D105900C53288 /* blender-button-pressed.aac */; };
		ACCA81C91F0D105900C53288 /* play-button-hover.aac in Resources */ = {isa = PBXBuildFile; fileRef = ACCA81C21F0D105900C53288 /* play-button-hover.aac */; };
		ACCA81CA1F0D105900C53288 /* replay-button-appears.aac in Resources */ = {isa = PBXBuildFile; fileRef = ACCA81C31F0D105900C53288 /* replay-button-appears.aac */; };
		ACCA81CB1F0D105900C53288 /* replay-button-hover.aac in Resources */ = {isa = PBXBuildFile; fileRef = ACCA81C41F0D105900C53288 /* replay-button-hover.aac */; };
		ACCA81CC1F0D105900C53288 /* replay-button-pressed.aac in Resources */ = {isa = PBXBuildFile; fileRef = ACCA81C51F0D105900C53288 /* replay-button-pressed.aac */; };
		ACCA81D11F0D274100C53288 /* ButtonViewController.swift in Sources */ = {isa = PBXBuildFile; fileRef = ACCA81D01F0D274100C53288 /* ButtonViewController.swift */; };
/* End PBXBuildFile section */

/* Begin PBXFileReference section */
		AC1B9D511F07BA3A00D4A1C9 /* Frog Blender.app */ = {isa = PBXFileReference; explicitFileType = wrapper.application; includeInIndex = 0; path = "Frog Blender.app"; sourceTree = BUILT_PRODUCTS_DIR; };
		AC1B9D541F07BA3A00D4A1C9 /* AppDelegate.swift */ = {isa = PBXFileReference; lastKnownFileType = sourcecode.swift; path = AppDelegate.swift; sourceTree = "<group>"; };
		AC1B9D561F07BA3A00D4A1C9 /* MainViewController.swift */ = {isa = PBXFileReference; lastKnownFileType = sourcecode.swift; path = MainViewController.swift; sourceTree = "<group>"; };
		AC1B9D581F07BA3A00D4A1C9 /* Assets.xcassets */ = {isa = PBXFileReference; lastKnownFileType = folder.assetcatalog; path = Assets.xcassets; sourceTree = "<group>"; };
		AC1B9D5B1F07BA3A00D4A1C9 /* Base */ = {isa = PBXFileReference; lastKnownFileType = file.storyboard; name = Base; path = Base.lproj/Main.storyboard; sourceTree = "<group>"; };
		AC1B9D5D1F07BA3A00D4A1C9 /* Info.plist */ = {isa = PBXFileReference; lastKnownFileType = text.plist.xml; path = Info.plist; sourceTree = "<group>"; };
		AC847A0F1F14DEDB0091F2B1 /* AVPlayerViewExtensions.swift */ = {isa = PBXFileReference; fileEncoding = 4; lastKnownFileType = sourcecode.swift; path = AVPlayerViewExtensions.swift; sourceTree = "<group>"; };
		ACCA81951F0AD7F400C53288 /* intro.mp4 */ = {isa = PBXFileReference; lastKnownFileType = file; name = intro.mp4; path = FrogBlender/Videos/intro.mp4; sourceTree = "<group>"; };
		ACCA81961F0AD7F400C53288 /* outro.mp4 */ = {isa = PBXFileReference; lastKnownFileType = file; name = outro.mp4; path = FrogBlender/Videos/outro.mp4; sourceTree = "<group>"; };
		ACCA81971F0AD7F400C53288 /* speed-0.mp4 */ = {isa = PBXFileReference; lastKnownFileType = file; name = "speed-0.mp4"; path = "FrogBlender/Videos/speed-0.mp4"; sourceTree = "<group>"; };
		ACCA81981F0AD7F400C53288 /* speed-1.mp4 */ = {isa = PBXFileReference; lastKnownFileType = file; name = "speed-1.mp4"; path = "FrogBlender/Videos/speed-1.mp4"; sourceTree = "<group>"; };
		ACCA81991F0AD7F400C53288 /* speed-2.mp4 */ = {isa = PBXFileReference; lastKnownFileType = file; name = "speed-2.mp4"; path = "FrogBlender/Videos/speed-2.mp4"; sourceTree = "<group>"; };
		ACCA819A1F0AD7F400C53288 /* speed-3.mp4 */ = {isa = PBXFileReference; lastKnownFileType = file; name = "speed-3.mp4"; path = "FrogBlender/Videos/speed-3.mp4"; sourceTree = "<group>"; };
		ACCA819B1F0AD7F400C53288 /* speed-4.mp4 */ = {isa = PBXFileReference; lastKnownFileType = file; name = "speed-4.mp4"; path = "FrogBlender/Videos/speed-4.mp4"; sourceTree = "<group>"; };
		ACCA819C1F0AD7F400C53288 /* speed-5.mp4 */ = {isa = PBXFileReference; lastKnownFileType = file; name = "speed-5.mp4"; path = "FrogBlender/Videos/speed-5.mp4"; sourceTree = "<group>"; };
		ACCA819D1F0AD7F400C53288 /* speed-6.mp4 */ = {isa = PBXFileReference; lastKnownFileType = file; name = "speed-6.mp4"; path = "FrogBlender/Videos/speed-6.mp4"; sourceTree = "<group>"; };
		ACCA819E1F0AD7F400C53288 /* speed-7.mp4 */ = {isa = PBXFileReference; lastKnownFileType = file; name = "speed-7.mp4"; path = "FrogBlender/Videos/speed-7.mp4"; sourceTree = "<group>"; };
		ACCA819F1F0AD7F400C53288 /* speed-8.mp4 */ = {isa = PBXFileReference; lastKnownFileType = file; name = "speed-8.mp4"; path = "FrogBlender/Videos/speed-8.mp4"; sourceTree = "<group>"; };
		ACCA81A01F0AD7F400C53288 /* speed-9.mp4 */ = {isa = PBXFileReference; lastKnownFileType = file; name = "speed-9.mp4"; path = "FrogBlender/Videos/speed-9.mp4"; sourceTree = "<group>"; };
		ACCA81A11F0AD7F400C53288 /* speed-10.mp4 */ = {isa = PBXFileReference; lastKnownFileType = file; name = "speed-10.mp4"; path = "FrogBlender/Videos/speed-10.mp4"; sourceTree = "<group>"; };
		ACCA81BF1F0D105900C53288 /* blender-button-hover.aac */ = {isa = PBXFileReference; lastKnownFileType = file; name = "blender-button-hover.aac"; path = "FrogBlender/Sounds/blender-button-hover.aac"; sourceTree = "<group>"; };
		ACCA81C01F0D105900C53288 /* blender-button-pressed.aac */ = {isa = PBXFileReference; lastKnownFileType = file; name = "blender-button-pressed.aac"; path = "FrogBlender/Sounds/blender-button-pressed.aac"; sourceTree = "<group>"; };
		ACCA81C21F0D105900C53288 /* play-button-hover.aac */ = {isa = PBXFileReference; lastKnownFileType = file; name = "play-button-hover.aac"; path = "FrogBlender/Sounds/play-button-hover.aac"; sourceTree = "<group>"; };
		ACCA81C31F0D105900C53288 /* replay-button-appears.aac */ = {isa = PBXFileReference; lastKnownFileType = file; name = "replay-button-appears.aac"; path = "FrogBlender/Sounds/replay-button-appears.aac"; sourceTree = "<group>"; };
		ACCA81C41F0D105900C53288 /* replay-button-hover.aac */ = {isa = PBXFileReference; lastKnownFileType = file; name = "replay-button-hover.aac"; path = "FrogBlender/Sounds/replay-button-hover.aac"; sourceTree = "<group>"; };
		ACCA81C51F0D105900C53288 /* replay-button-pressed.aac */ = {isa = PBXFileReference; lastKnownFileType = file; name = "replay-button-pressed.aac"; path = "FrogBlender/Sounds/replay-button-pressed.aac"; sourceTree = "<group>"; };
		ACCA81D01F0D274100C53288 /* ButtonViewController.swift */ = {isa = PBXFileReference; fileEncoding = 4; lastKnownFileType = sourcecode.swift; path = ButtonViewController.swift; sourceTree = "<group>"; };
/* End PBXFileReference section */

/* Begin PBXFrameworksBuildPhase section */
		AC1B9D4E1F07BA3A00D4A1C9 /* Frameworks */ = {
			isa = PBXFrameworksBuildPhase;
			buildActionMask = 2147483647;
			files = (
			);
			runOnlyForDeploymentPostprocessing = 0;
		};
/* End PBXFrameworksBuildPhase section */

/* Begin PBXGroup section */
		AC1B9D481F07BA3A00D4A1C9 = {
			isa = PBXGroup;
			children = (
				AC1B9D531F07BA3A00D4A1C9 /* FrogBlender */,
				AC1B9D521F07BA3A00D4A1C9 /* Products */,
			);
			sourceTree = "<group>";
		};
		AC1B9D521F07BA3A00D4A1C9 /* Products */ = {
			isa = PBXGroup;
			children = (
				AC1B9D511F07BA3A00D4A1C9 /* Frog Blender.app */,
			);
			name = Products;
			sourceTree = "<group>";
		};
		AC1B9D531F07BA3A00D4A1C9 /* FrogBlender */ = {
			isa = PBXGroup;
			children = (
				AC1B9D541F07BA3A00D4A1C9 /* AppDelegate.swift */,
				AC925B702095FD2700350103 /* View Controllers */,
				AC925B742095FD6E00350103 /* Storyboards */,
				AC925B712095FD3C00350103 /* Extensions */,
				AC925B722095FD4A00350103 /* Resources */,
				AC925B732095FD5200350103 /* Supporting Files */,
				ACCA81CD1F0D106000C53288 /* Sounds */,
				ACCA81AF1F0AD7FF00C53288 /* Videos */,
			);
			path = FrogBlender;
			sourceTree = "<group>";
		};
		AC925B702095FD2700350103 /* View Controllers */ = {
			isa = PBXGroup;
			children = (
				AC1B9D561F07BA3A00D4A1C9 /* MainViewController.swift */,
				ACCA81D01F0D274100C53288 /* ButtonViewController.swift */,
			);
			path = "View Controllers";
			sourceTree = "<group>";
		};
		AC925B712095FD3C00350103 /* Extensions */ = {
			isa = PBXGroup;
			children = (
				AC847A0F1F14DEDB0091F2B1 /* AVPlayerViewExtensions.swift */,
			);
			path = Extensions;
			sourceTree = "<group>";
		};
		AC925B722095FD4A00350103 /* Resources */ = {
			isa = PBXGroup;
			children = (
				AC1B9D581F07BA3A00D4A1C9 /* Assets.xcassets */,
			);
			path = Resources;
			sourceTree = "<group>";
		};
		AC925B732095FD5200350103 /* Supporting Files */ = {
			isa = PBXGroup;
			children = (
				AC1B9D5D1F07BA3A00D4A1C9 /* Info.plist */,
			);
			path = "Supporting Files";
			sourceTree = "<group>";
		};
		AC925B742095FD6E00350103 /* Storyboards */ = {
			isa = PBXGroup;
			children = (
				AC1B9D5A1F07BA3A00D4A1C9 /* Main.storyboard */,
			);
			path = Storyboards;
			sourceTree = "<group>";
		};
		ACCA81AF1F0AD7FF00C53288 /* Videos */ = {
			isa = PBXGroup;
			children = (
				ACCA81951F0AD7F400C53288 /* intro.mp4 */,
				ACCA81961F0AD7F400C53288 /* outro.mp4 */,
				ACCA81971F0AD7F400C53288 /* speed-0.mp4 */,
				ACCA81981F0AD7F400C53288 /* speed-1.mp4 */,
				ACCA81991F0AD7F400C53288 /* speed-2.mp4 */,
				ACCA819A1F0AD7F400C53288 /* speed-3.mp4 */,
				ACCA819B1F0AD7F400C53288 /* speed-4.mp4 */,
				ACCA819C1F0AD7F400C53288 /* speed-5.mp4 */,
				ACCA819D1F0AD7F400C53288 /* speed-6.mp4 */,
				ACCA819E1F0AD7F400C53288 /* speed-7.mp4 */,
				ACCA819F1F0AD7F400C53288 /* speed-8.mp4 */,
				ACCA81A01F0AD7F400C53288 /* speed-9.mp4 */,
				ACCA81A11F0AD7F400C53288 /* speed-10.mp4 */,
			);
			name = Videos;
			path = ..;
			sourceTree = "<group>";
		};
		ACCA81CD1F0D106000C53288 /* Sounds */ = {
			isa = PBXGroup;
			children = (
				ACCA81BF1F0D105900C53288 /* blender-button-hover.aac */,
				ACCA81C01F0D105900C53288 /* blender-button-pressed.aac */,
				ACCA81C21F0D105900C53288 /* play-button-hover.aac */,
				ACCA81C31F0D105900C53288 /* replay-button-appears.aac */,
				ACCA81C41F0D105900C53288 /* replay-button-hover.aac */,
				ACCA81C51F0D105900C53288 /* replay-button-pressed.aac */,
			);
			name = Sounds;
			path = ..;
			sourceTree = "<group>";
		};
/* End PBXGroup section */

/* Begin PBXNativeTarget section */
		AC1B9D501F07BA3A00D4A1C9 /* Frog Blender */ = {
			isa = PBXNativeTarget;
			buildConfigurationList = AC1B9D601F07BA3A00D4A1C9 /* Build configuration list for PBXNativeTarget "Frog Blender" */;
			buildPhases = (
				AC1B9D4D1F07BA3A00D4A1C9 /* Sources */,
				AC1B9D4E1F07BA3A00D4A1C9 /* Frameworks */,
				AC1B9D4F1F07BA3A00D4A1C9 /* Resources */,
				AC925B752095FE3B00350103 /* SwiftLint */,
			);
			buildRules = (
			);
			dependencies = (
			);
			name = "Frog Blender";
			productName = FrogBlender;
			productReference = AC1B9D511F07BA3A00D4A1C9 /* Frog Blender.app */;
			productType = "com.apple.product-type.application";
		};
/* End PBXNativeTarget section */

/* Begin PBXProject section */
		AC1B9D491F07BA3A00D4A1C9 /* Project object */ = {
			isa = PBXProject;
			attributes = {
				LastSwiftUpdateCheck = 0830;
				LastUpgradeCheck = 0930;
				ORGANIZATIONNAME = "Horváth Balázs";
				TargetAttributes = {
					AC1B9D501F07BA3A00D4A1C9 = {
						CreatedOnToolsVersion = 8.3.3;
						LastSwiftMigration = 0900;
						ProvisioningStyle = Automatic;
					};
				};
			};
			buildConfigurationList = AC1B9D4C1F07BA3A00D4A1C9 /* Build configuration list for PBXProject "FrogBlender" */;
			compatibilityVersion = "Xcode 3.2";
			developmentRegion = English;
			hasScannedForEncodings = 0;
			knownRegions = (
				en,
				Base,
			);
			mainGroup = AC1B9D481F07BA3A00D4A1C9;
			productRefGroup = AC1B9D521F07BA3A00D4A1C9 /* Products */;
			projectDirPath = "";
			projectRoot = "";
			targets = (
				AC1B9D501F07BA3A00D4A1C9 /* Frog Blender */,
			);
		};
/* End PBXProject section */

/* Begin PBXResourcesBuildPhase section */
		AC1B9D4F1F07BA3A00D4A1C9 /* Resources */ = {
			isa = PBXResourcesBuildPhase;
			buildActionMask = 2147483647;
			files = (
				AC1B9D5C1F07BA3A00D4A1C9 /* Main.storyboard in Resources */,
				AC1B9D591F07BA3A00D4A1C9 /* Assets.xcassets in Resources */,
				ACCA81A21F0AD7F400C53288 /* intro.mp4 in Resources */,
				ACCA81A31F0AD7F400C53288 /* outro.mp4 in Resources */,
				ACCA81A41F0AD7F400C53288 /* speed-0.mp4 in Resources */,
				ACCA81A51F0AD7F400C53288 /* speed-1.mp4 in Resources */,
				ACCA81A61F0AD7F400C53288 /* speed-2.mp4 in Resources */,
				ACCA81A71F0AD7F400C53288 /* speed-3.mp4 in Resources */,
				ACCA81A81F0AD7F400C53288 /* speed-4.mp4 in Resources */,
				ACCA81A91F0AD7F400C53288 /* speed-5.mp4 in Resources */,
				ACCA81AA1F0AD7F400C53288 /* speed-6.mp4 in Resources */,
				ACCA81AB1F0AD7F400C53288 /* speed-7.mp4 in Resources */,
				ACCA81AC1F0AD7F400C53288 /* speed-8.mp4 in Resources */,
				ACCA81AD1F0AD7F400C53288 /* speed-9.mp4 in Resources */,
				ACCA81AE1F0AD7F400C53288 /* speed-10.mp4 in Resources */,
				ACCA81C91F0D105900C53288 /* play-button-hover.aac in Resources */,
				ACCA81C71F0D105900C53288 /* blender-button-pressed.aac in Resources */,
				ACCA81C61F0D105900C53288 /* blender-button-hover.aac in Resources */,
				ACCA81CA1F0D105900C53288 /* replay-button-appears.aac in Resources */,
				ACCA81CB1F0D105900C53288 /* replay-button-hover.aac in Resources */,
				ACCA81CC1F0D105900C53288 /* replay-button-pressed.aac in Resources */,
			);
			runOnlyForDeploymentPostprocessing = 0;
		};
/* End PBXResourcesBuildPhase section */

/* Begin PBXShellScriptBuildPhase section */
		AC925B752095FE3B00350103 /* SwiftLint */ = {
			isa = PBXShellScriptBuildPhase;
			buildActionMask = 2147483647;
			files = (
			);
			inputPaths = (
			);
			name = SwiftLint;
			outputPaths = (
			);
			runOnlyForDeploymentPostprocessing = 0;
			shellPath = /bin/sh;
			shellScript = "#exit\nif which swiftlint >/dev/null; then\nswiftlint\nelse\necho \"warning: SwiftLint not installed, download from https://github.com/realm/SwiftLint\"\nfi";
		};
/* End PBXShellScriptBuildPhase section */

/* Begin PBXSourcesBuildPhase section */
		AC1B9D4D1F07BA3A00D4A1C9 /* Sources */ = {
			isa = PBXSourcesBuildPhase;
			buildActionMask = 2147483647;
			files = (
				AC847A101F14DEDB0091F2B1 /* AVPlayerViewExtensions.swift in Sources */,
				AC1B9D571F07BA3A00D4A1C9 /* MainViewController.swift in Sources */,
				ACCA81D11F0D274100C53288 /* ButtonViewController.swift in Sources */,
				AC1B9D551F07BA3A00D4A1C9 /* AppDelegate.swift in Sources */,
			);
			runOnlyForDeploymentPostprocessing = 0;
		};
/* End PBXSourcesBuildPhase section */

/* Begin PBXVariantGroup section */
		AC1B9D5A1F07BA3A00D4A1C9 /* Main.storyboard */ = {
			isa = PBXVariantGroup;
			children = (
				AC1B9D5B1F07BA3A00D4A1C9 /* Base */,
			);
			name = Main.storyboard;
			sourceTree = "<group>";
		};
/* End PBXVariantGroup section */

/* Begin XCBuildConfiguration section */
		AC1B9D5E1F07BA3A00D4A1C9 /* Debug */ = {
			isa = XCBuildConfiguration;
			buildSettings = {
				ALWAYS_SEARCH_USER_PATHS = NO;
				CLANG_ANALYZER_NONNULL = YES;
				CLANG_ANALYZER_NUMBER_OBJECT_CONVERSION = YES_AGGRESSIVE;
				CLANG_CXX_LANGUAGE_STANDARD = "gnu++0x";
				CLANG_CXX_LIBRARY = "libc++";
				CLANG_ENABLE_MODULES = YES;
				CLANG_ENABLE_OBJC_ARC = YES;
				CLANG_WARN_BLOCK_CAPTURE_AUTORELEASING = YES;
				CLANG_WARN_BOOL_CONVERSION = YES;
				CLANG_WARN_COMMA = YES;
				CLANG_WARN_CONSTANT_CONVERSION = YES;
				CLANG_WARN_DEPRECATED_OBJC_IMPLEMENTATIONS = YES;
				CLANG_WARN_DIRECT_OBJC_ISA_USAGE = YES_ERROR;
				CLANG_WARN_DOCUMENTATION_COMMENTS = YES;
				CLANG_WARN_EMPTY_BODY = YES;
				CLANG_WARN_ENUM_CONVERSION = YES;
				CLANG_WARN_INFINITE_RECURSION = YES;
				CLANG_WARN_INT_CONVERSION = YES;
				CLANG_WARN_NON_LITERAL_NULL_CONVERSION = YES;
				CLANG_WARN_OBJC_IMPLICIT_RETAIN_SELF = YES;
				CLANG_WARN_OBJC_LITERAL_CONVERSION = YES;
				CLANG_WARN_OBJC_ROOT_CLASS = YES_ERROR;
				CLANG_WARN_RANGE_LOOP_ANALYSIS = YES;
				CLANG_WARN_STRICT_PROTOTYPES = YES;
				CLANG_WARN_SUSPICIOUS_MOVE = YES;
				CLANG_WARN_UNREACHABLE_CODE = YES;
				CLANG_WARN__DUPLICATE_METHOD_MATCH = YES;
				CODE_SIGN_IDENTITY = "-";
				COPY_PHASE_STRIP = NO;
				DEBUG_INFORMATION_FORMAT = dwarf;
				ENABLE_STRICT_OBJC_MSGSEND = YES;
				ENABLE_TESTABILITY = YES;
				GCC_C_LANGUAGE_STANDARD = gnu99;
				GCC_DYNAMIC_NO_PIC = NO;
				GCC_NO_COMMON_BLOCKS = YES;
				GCC_OPTIMIZATION_LEVEL = 0;
				GCC_PREPROCESSOR_DEFINITIONS = (
					"DEBUG=1",
					"$(inherited)",
				);
				GCC_WARN_64_TO_32_BIT_CONVERSION = YES;
				GCC_WARN_ABOUT_RETURN_TYPE = YES_ERROR;
				GCC_WARN_UNDECLARED_SELECTOR = YES;
				GCC_WARN_UNINITIALIZED_AUTOS = YES_AGGRESSIVE;
				GCC_WARN_UNUSED_FUNCTION = YES;
				GCC_WARN_UNUSED_VARIABLE = YES;
				MACOSX_DEPLOYMENT_TARGET = 10.12;
				MTL_ENABLE_DEBUG_INFO = YES;
				ONLY_ACTIVE_ARCH = YES;
				SDKROOT = macosx;
				SWIFT_ACTIVE_COMPILATION_CONDITIONS = DEBUG;
				SWIFT_OPTIMIZATION_LEVEL = "-Onone";
				SWIFT_SWIFT3_OBJC_INFERENCE = Off;
			};
			name = Debug;
		};
		AC1B9D5F1F07BA3A00D4A1C9 /* Release */ = {
			isa = XCBuildConfiguration;
			buildSettings = {
				ALWAYS_SEARCH_USER_PATHS = NO;
				CLANG_ANALYZER_NONNULL = YES;
				CLANG_ANALYZER_NUMBER_OBJECT_CONVERSION = YES_AGGRESSIVE;
				CLANG_CXX_LANGUAGE_STANDARD = "gnu++0x";
				CLANG_CXX_LIBRARY = "libc++";
				CLANG_ENABLE_MODULES = YES;
				CLANG_ENABLE_OBJC_ARC = YES;
				CLANG_WARN_BLOCK_CAPTURE_AUTORELEASING = YES;
				CLANG_WARN_BOOL_CONVERSION = YES;
				CLANG_WARN_COMMA = YES;
				CLANG_WARN_CONSTANT_CONVERSION = YES;
				CLANG_WARN_DEPRECATED_OBJC_IMPLEMENTATIONS = YES;
				CLANG_WARN_DIRECT_OBJC_ISA_USAGE = YES_ERROR;
				CLANG_WARN_DOCUMENTATION_COMMENTS = YES;
				CLANG_WARN_EMPTY_BODY = YES;
				CLANG_WARN_ENUM_CONVERSION = YES;
				CLANG_WARN_INFINITE_RECURSION = YES;
				CLANG_WARN_INT_CONVERSION = YES;
				CLANG_WARN_NON_LITERAL_NULL_CONVERSION = YES;
				CLANG_WARN_OBJC_IMPLICIT_RETAIN_SELF = YES;
				CLANG_WARN_OBJC_LITERAL_CONVERSION = YES;
				CLANG_WARN_OBJC_ROOT_CLASS = YES_ERROR;
				CLANG_WARN_RANGE_LOOP_ANALYSIS = YES;
				CLANG_WARN_STRICT_PROTOTYPES = YES;
				CLANG_WARN_SUSPICIOUS_MOVE = YES;
				CLANG_WARN_UNREACHABLE_CODE = YES;
				CLANG_WARN__DUPLICATE_METHOD_MATCH = YES;
				CODE_SIGN_IDENTITY = "-";
				COPY_PHASE_STRIP = NO;
				DEBUG_INFORMATION_FORMAT = "dwarf-with-dsym";
				ENABLE_NS_ASSERTIONS = NO;
				ENABLE_STRICT_OBJC_MSGSEND = YES;
				GCC_C_LANGUAGE_STANDARD = gnu99;
				GCC_NO_COMMON_BLOCKS = YES;
				GCC_WARN_64_TO_32_BIT_CONVERSION = YES;
				GCC_WARN_ABOUT_RETURN_TYPE = YES_ERROR;
				GCC_WARN_UNDECLARED_SELECTOR = YES;
				GCC_WARN_UNINITIALIZED_AUTOS = YES_AGGRESSIVE;
				GCC_WARN_UNUSED_FUNCTION = YES;
				GCC_WARN_UNUSED_VARIABLE = YES;
				MACOSX_DEPLOYMENT_TARGET = 10.12;
				MTL_ENABLE_DEBUG_INFO = NO;
				SDKROOT = macosx;
				SWIFT_OPTIMIZATION_LEVEL = "-Owholemodule";
				SWIFT_SWIFT3_OBJC_INFERENCE = Off;
			};
			name = Release;
		};
		AC1B9D611F07BA3A00D4A1C9 /* Debug */ = {
			isa = XCBuildConfiguration;
			buildSettings = {
				ASSETCATALOG_COMPILER_APPICON_NAME = AppIcon;
				COMBINE_HIDPI_IMAGES = YES;
				INFOPLIST_FILE = "$(SRCROOT)/FrogBlender/Supporting Files/Info.plist";
				LD_RUNPATH_SEARCH_PATHS = "$(inherited) @executable_path/../Frameworks";
				PRODUCT_BUNDLE_IDENTIFIER = balazs630.FrogBlender;
				PRODUCT_NAME = "$(TARGET_NAME)";
				SWIFT_OPTIMIZATION_LEVEL = "-Owholemodule";
				SWIFT_SWIFT3_OBJC_INFERENCE = Off;
				SWIFT_VERSION = 4.0;
			};
			name = Debug;
		};
		AC1B9D621F07BA3A00D4A1C9 /* Release */ = {
			isa = XCBuildConfiguration;
			buildSettings = {
				ASSETCATALOG_COMPILER_APPICON_NAME = AppIcon;
				COMBINE_HIDPI_IMAGES = YES;
				INFOPLIST_FILE = "$(SRCROOT)/FrogBlender/Supporting Files/Info.plist";
				LD_RUNPATH_SEARCH_PATHS = "$(inherited) @executable_path/../Frameworks";
				PRODUCT_BUNDLE_IDENTIFIER = balazs630.FrogBlender;
				PRODUCT_NAME = "$(TARGET_NAME)";
				SWIFT_OPTIMIZATION_LEVEL = "-Owholemodule";
				SWIFT_SWIFT3_OBJC_INFERENCE = Off;
				SWIFT_VERSION = 4.0;
			};
			name = Release;
		};
/* End XCBuildConfiguration section */

/* Begin XCConfigurationList section */
		AC1B9D4C1F07BA3A00D4A1C9 /* Build configuration list for PBXProject "FrogBlender" */ = {
			isa = XCConfigurationList;
			buildConfigurations = (
				AC1B9D5E1F07BA3A00D4A1C9 /* Debug */,
				AC1B9D5F1F07BA3A00D4A1C9 /* Release */,
			);
			defaultConfigurationIsVisible = 0;
			defaultConfigurationName = Release;
		};
		AC1B9D601F07BA3A00D4A1C9 /* Build configuration list for PBXNativeTarget "Frog Blender" */ = {
			isa = XCConfigurationList;
			buildConfigurations = (
				AC1B9D611F07BA3A00D4A1C9 /* Debug */,
				AC1B9D621F07BA3A00D4A1C9 /* Release */,
			);
			defaultConfigurationIsVisible = 0;
			defaultConfigurationName = Release;
		};
/* End XCConfigurationList section */
	};
	rootObject = AC1B9D491F07BA3A00D4A1C9 /* Project object */;
}
